
Microsoft Visual Studio Solution File, Format Version 12.00
# Visual Studio Version 16
VisualStudioVersion = 16.0.32802.440
MinimumVisualStudioVersion = 10.0.40219.1
Project("{FAE04EC0-301F-11D3-BF4B-00C04F79EFBC}") = "TASK-1", "TASK-1\TASK-1.csproj", "{2303F061-854B-40C9-97C6-A15469C623CD}"
EndProject
Global
	GlobalSection(SolutionConfigurationPlatforms) = preSolution
		Debug|Any CPU = Debug|Any CPU
		Release|Any CPU = Release|Any CPU
	EndGlobalSection
	GlobalSection(ProjectConfigurationPlatforms) = postSolution
		{2303F061-854B-40C9-97C6-A15469C623CD}.Debug|Any CPU.ActiveCfg = Debug|Any CPU
		{2303F061-854B-40C9-97C6-A15469C623CD}.Debug|Any CPU.Build.0 = Debug|Any CPU
		{2303F061-854B-40C9-97C6-A15469C623CD}.Release|Any CPU.ActiveCfg = Release|Any CPU
		{2303F061-854B-40C9-97C6-A15469C623CD}.Release|Any CPU.Build.0 = Release|Any CPU
	EndGlobalSection
	GlobalSection(SolutionProperties) = preSolution
		HideSolutionNode = FALSE
	EndGlobalSection
	GlobalSection(ExtensibilityGlobals) = postSolution
		SolutionGuid = {ACC7FA70-BAD2-4435-847F-8EFFD8B70963}
	EndGlobalSection
EndGlobal
