
Microsoft Visual Studio Solution File, Format Version 12.00
# Visual Studio Version 16
VisualStudioVersion = 16.0.32802.440
MinimumVisualStudioVersion = 10.0.40219.1
Project("{FAE04EC0-301F-11D3-BF4B-00C04F79EFBC}") = "Task", "Task\Task.csproj", "{8D592EBB-957A-43CE-9498-70EC8AD2EF56}"
EndProject
Global
	GlobalSection(SolutionConfigurationPlatforms) = preSolution
		Debug|Any CPU = Debug|Any CPU
		Release|Any CPU = Release|Any CPU
	EndGlobalSection
	GlobalSection(ProjectConfigurationPlatforms) = postSolution
		{8D592EBB-957A-43CE-9498-70EC8AD2EF56}.Debug|Any CPU.ActiveCfg = Debug|Any CPU
		{8D592EBB-957A-43CE-9498-70EC8AD2EF56}.Debug|Any CPU.Build.0 = Debug|Any CPU
		{8D592EBB-957A-43CE-9498-70EC8AD2EF56}.Release|Any CPU.ActiveCfg = Release|Any CPU
		{8D592EBB-957A-43CE-9498-70EC8AD2EF56}.Release|Any CPU.Build.0 = Release|Any CPU
	EndGlobalSection
	GlobalSection(SolutionProperties) = preSolution
		HideSolutionNode = FALSE
	EndGlobalSection
	GlobalSection(ExtensibilityGlobals) = postSolution
		SolutionGuid = {811BE323-3FFE-4827-86A2-B5477E6E2E7B}
	EndGlobalSection
EndGlobal
