
Microsoft Visual Studio Solution File, Format Version 12.00
# Visual Studio Version 16
VisualStudioVersion = 16.0.32802.440
MinimumVisualStudioVersion = 10.0.40219.1
Project("{FAE04EC0-301F-11D3-BF4B-00C04F79EFBC}") = "Task", "Task\Task.csproj", "{59788B58-5092-4B5F-AED3-62E7F8C5F346}"
EndProject
Global
	GlobalSection(SolutionConfigurationPlatforms) = preSolution
		Debug|Any CPU = Debug|Any CPU
		Release|Any CPU = Release|Any CPU
	EndGlobalSection
	GlobalSection(ProjectConfigurationPlatforms) = postSolution
		{59788B58-5092-4B5F-AED3-62E7F8C5F346}.Debug|Any CPU.ActiveCfg = Debug|Any CPU
		{59788B58-5092-4B5F-AED3-62E7F8C5F346}.Debug|Any CPU.Build.0 = Debug|Any CPU
		{59788B58-5092-4B5F-AED3-62E7F8C5F346}.Release|Any CPU.ActiveCfg = Release|Any CPU
		{59788B58-5092-4B5F-AED3-62E7F8C5F346}.Release|Any CPU.Build.0 = Release|Any CPU
	EndGlobalSection
	GlobalSection(SolutionProperties) = preSolution
		HideSolutionNode = FALSE
	EndGlobalSection
	GlobalSection(ExtensibilityGlobals) = postSolution
		SolutionGuid = {E636C7BF-C2C3-48DA-9956-686B88BCF1C3}
	EndGlobalSection
EndGlobal
