
Microsoft Visual Studio Solution File, Format Version 12.00
# Visual Studio Version 16
VisualStudioVersion = 16.0.32802.440
MinimumVisualStudioVersion = 10.0.40219.1
Project("{FAE04EC0-301F-11D3-BF4B-00C04F79EFBC}") = "TASK-1", "TASK-1\TASK-1.csproj", "{CE5E983C-41E4-404B-8021-E7CC45B0C1B6}"
EndProject
Global
	GlobalSection(SolutionConfigurationPlatforms) = preSolution
		Debug|Any CPU = Debug|Any CPU
		Release|Any CPU = Release|Any CPU
	EndGlobalSection
	GlobalSection(ProjectConfigurationPlatforms) = postSolution
		{CE5E983C-41E4-404B-8021-E7CC45B0C1B6}.Debug|Any CPU.ActiveCfg = Debug|Any CPU
		{CE5E983C-41E4-404B-8021-E7CC45B0C1B6}.Debug|Any CPU.Build.0 = Debug|Any CPU
		{CE5E983C-41E4-404B-8021-E7CC45B0C1B6}.Release|Any CPU.ActiveCfg = Release|Any CPU
		{CE5E983C-41E4-404B-8021-E7CC45B0C1B6}.Release|Any CPU.Build.0 = Release|Any CPU
	EndGlobalSection
	GlobalSection(SolutionProperties) = preSolution
		HideSolutionNode = FALSE
	EndGlobalSection
	GlobalSection(ExtensibilityGlobals) = postSolution
		SolutionGuid = {070B0F64-55F0-4EDA-AA67-95EC753F4AC4}
	EndGlobalSection
EndGlobal
