
Microsoft Visual Studio Solution File, Format Version 12.00
# Visual Studio Version 16
VisualStudioVersion = 16.0.32802.440
MinimumVisualStudioVersion = 10.0.40219.1
Project("{FAE04EC0-301F-11D3-BF4B-00C04F79EFBC}") = "TASK-2", "TASK-2\TASK-2.csproj", "{2B6655A2-0B9A-4C4F-BEFB-EC97C4990A41}"
EndProject
Global
	GlobalSection(SolutionConfigurationPlatforms) = preSolution
		Debug|Any CPU = Debug|Any CPU
		Release|Any CPU = Release|Any CPU
	EndGlobalSection
	GlobalSection(ProjectConfigurationPlatforms) = postSolution
		{2B6655A2-0B9A-4C4F-BEFB-EC97C4990A41}.Debug|Any CPU.ActiveCfg = Debug|Any CPU
		{2B6655A2-0B9A-4C4F-BEFB-EC97C4990A41}.Debug|Any CPU.Build.0 = Debug|Any CPU
		{2B6655A2-0B9A-4C4F-BEFB-EC97C4990A41}.Release|Any CPU.ActiveCfg = Release|Any CPU
		{2B6655A2-0B9A-4C4F-BEFB-EC97C4990A41}.Release|Any CPU.Build.0 = Release|Any CPU
	EndGlobalSection
	GlobalSection(SolutionProperties) = preSolution
		HideSolutionNode = FALSE
	EndGlobalSection
	GlobalSection(ExtensibilityGlobals) = postSolution
		SolutionGuid = {B3A4F372-9CE8-4A80-9316-FD2ADFC6D656}
	EndGlobalSection
EndGlobal
